
Microsoft Visual Studio Solution File, Format Version 12.00
Project("{FAE04EC0-301F-11D3-BF4B-00C04F79EFBC}") = "GameSegments", "GameSegments\GameSegments.csproj", "{4F23CDAF-57BD-4641-893F-AFAEDB508B8F}"
EndProject
Project("{FAE04EC0-301F-11D3-BF4B-00C04F79EFBC}") = "Protocol", "Protocol\Protocol.csproj", "{928B0A7B-011F-4EFE-97A3-884B8EF9B1BF}"
EndProject
Project("{FAE04EC0-301F-11D3-BF4B-00C04F79EFBC}") = "Client", "Client\Client.csproj", "{AB25765E-8B64-48B4-B1BD-60B0A0621047}"
EndProject
Project("{FAE04EC0-301F-11D3-BF4B-00C04F79EFBC}") = "Server", "Server\Server.csproj", "{790FD565-2C1E-4AB3-B629-847BDF549296}"
EndProject
Project("{FAE04EC0-301F-11D3-BF4B-00C04F79EFBC}") = "TCPClient", "TCPClient\TCPClient.csproj", "{A76BFE5A-C711-4B27-BD8B-2AA917401E3C}"
EndProject
Project("{FAE04EC0-301F-11D3-BF4B-00C04F79EFBC}") = "TCPServer", "TCPServer\TCPServer.csproj", "{09C85E39-53EF-466A-AB8B-DF23EBF3065B}"
EndProject
Project("{FAE04EC0-301F-11D3-BF4B-00C04F79EFBC}") = "XProtocol", "XProtocol\XProtocol.csproj", "{B510589E-929E-47FC-9908-01F631FFB574}"
EndProject
Global
	GlobalSection(SolutionConfigurationPlatforms) = preSolution
		Debug|Any CPU = Debug|Any CPU
		Release|Any CPU = Release|Any CPU
	EndGlobalSection
	GlobalSection(ProjectConfigurationPlatforms) = postSolution
		{4F23CDAF-57BD-4641-893F-AFAEDB508B8F}.Debug|Any CPU.ActiveCfg = Debug|Any CPU
		{4F23CDAF-57BD-4641-893F-AFAEDB508B8F}.Debug|Any CPU.Build.0 = Debug|Any CPU
		{4F23CDAF-57BD-4641-893F-AFAEDB508B8F}.Release|Any CPU.ActiveCfg = Release|Any CPU
		{4F23CDAF-57BD-4641-893F-AFAEDB508B8F}.Release|Any CPU.Build.0 = Release|Any CPU
		{928B0A7B-011F-4EFE-97A3-884B8EF9B1BF}.Debug|Any CPU.ActiveCfg = Debug|Any CPU
		{928B0A7B-011F-4EFE-97A3-884B8EF9B1BF}.Debug|Any CPU.Build.0 = Debug|Any CPU
		{928B0A7B-011F-4EFE-97A3-884B8EF9B1BF}.Release|Any CPU.ActiveCfg = Release|Any CPU
		{928B0A7B-011F-4EFE-97A3-884B8EF9B1BF}.Release|Any CPU.Build.0 = Release|Any CPU
		{AB25765E-8B64-48B4-B1BD-60B0A0621047}.Debug|Any CPU.ActiveCfg = Debug|Any CPU
		{AB25765E-8B64-48B4-B1BD-60B0A0621047}.Debug|Any CPU.Build.0 = Debug|Any CPU
		{AB25765E-8B64-48B4-B1BD-60B0A0621047}.Release|Any CPU.ActiveCfg = Release|Any CPU
		{AB25765E-8B64-48B4-B1BD-60B0A0621047}.Release|Any CPU.Build.0 = Release|Any CPU
		{790FD565-2C1E-4AB3-B629-847BDF549296}.Debug|Any CPU.ActiveCfg = Debug|Any CPU
		{790FD565-2C1E-4AB3-B629-847BDF549296}.Debug|Any CPU.Build.0 = Debug|Any CPU
		{790FD565-2C1E-4AB3-B629-847BDF549296}.Release|Any CPU.ActiveCfg = Release|Any CPU
		{790FD565-2C1E-4AB3-B629-847BDF549296}.Release|Any CPU.Build.0 = Release|Any CPU
		{A76BFE5A-C711-4B27-BD8B-2AA917401E3C}.Debug|Any CPU.ActiveCfg = Debug|Any CPU
		{A76BFE5A-C711-4B27-BD8B-2AA917401E3C}.Debug|Any CPU.Build.0 = Debug|Any CPU
		{A76BFE5A-C711-4B27-BD8B-2AA917401E3C}.Release|Any CPU.ActiveCfg = Release|Any CPU
		{A76BFE5A-C711-4B27-BD8B-2AA917401E3C}.Release|Any CPU.Build.0 = Release|Any CPU
		{09C85E39-53EF-466A-AB8B-DF23EBF3065B}.Debug|Any CPU.ActiveCfg = Debug|Any CPU
		{09C85E39-53EF-466A-AB8B-DF23EBF3065B}.Debug|Any CPU.Build.0 = Debug|Any CPU
		{09C85E39-53EF-466A-AB8B-DF23EBF3065B}.Release|Any CPU.ActiveCfg = Release|Any CPU
		{09C85E39-53EF-466A-AB8B-DF23EBF3065B}.Release|Any CPU.Build.0 = Release|Any CPU
		{B510589E-929E-47FC-9908-01F631FFB574}.Debug|Any CPU.ActiveCfg = Debug|Any CPU
		{B510589E-929E-47FC-9908-01F631FFB574}.Debug|Any CPU.Build.0 = Debug|Any CPU
		{B510589E-929E-47FC-9908-01F631FFB574}.Release|Any CPU.ActiveCfg = Release|Any CPU
		{B510589E-929E-47FC-9908-01F631FFB574}.Release|Any CPU.Build.0 = Release|Any CPU
	EndGlobalSection
EndGlobal
