
Microsoft Visual Studio Solution File, Format Version 12.00
Project("{FAE04EC0-301F-11D3-BF4B-00C04F79EFBC}") = "GameSegments", "GameSegments\GameSegments.csproj", "{4F23CDAF-57BD-4641-893F-AFAEDB508B8F}"
EndProject
Project("{FAE04EC0-301F-11D3-BF4B-00C04F79EFBC}") = "TCPServer", "TCPServer\TCPServer.csproj", "{09C85E39-53EF-466A-AB8B-DF23EBF3065B}"
EndProject
Project("{FAE04EC0-301F-11D3-BF4B-00C04F79EFBC}") = "XProtocol", "XProtocol\XProtocol.csproj", "{B510589E-929E-47FC-9908-01F631FFB574}"
EndProject
Project("{FAE04EC0-301F-11D3-BF4B-00C04F79EFBC}") = "XClient", "XClient\XClient.csproj", "{C4098405-2DC8-470A-AAA1-6A271DD7D89A}"
EndProject
Global
	GlobalSection(SolutionConfigurationPlatforms) = preSolution
		Debug|Any CPU = Debug|Any CPU
		Release|Any CPU = Release|Any CPU
	EndGlobalSection
	GlobalSection(ProjectConfigurationPlatforms) = postSolution
		{4F23CDAF-57BD-4641-893F-AFAEDB508B8F}.Debug|Any CPU.ActiveCfg = Debug|Any CPU
		{4F23CDAF-57BD-4641-893F-AFAEDB508B8F}.Debug|Any CPU.Build.0 = Debug|Any CPU
		{4F23CDAF-57BD-4641-893F-AFAEDB508B8F}.Release|Any CPU.ActiveCfg = Release|Any CPU
		{4F23CDAF-57BD-4641-893F-AFAEDB508B8F}.Release|Any CPU.Build.0 = Release|Any CPU
		{09C85E39-53EF-466A-AB8B-DF23EBF3065B}.Debug|Any CPU.ActiveCfg = Debug|Any CPU
		{09C85E39-53EF-466A-AB8B-DF23EBF3065B}.Debug|Any CPU.Build.0 = Debug|Any CPU
		{09C85E39-53EF-466A-AB8B-DF23EBF3065B}.Release|Any CPU.ActiveCfg = Release|Any CPU
		{09C85E39-53EF-466A-AB8B-DF23EBF3065B}.Release|Any CPU.Build.0 = Release|Any CPU
		{B510589E-929E-47FC-9908-01F631FFB574}.Debug|Any CPU.ActiveCfg = Debug|Any CPU
		{B510589E-929E-47FC-9908-01F631FFB574}.Debug|Any CPU.Build.0 = Debug|Any CPU
		{B510589E-929E-47FC-9908-01F631FFB574}.Release|Any CPU.ActiveCfg = Release|Any CPU
		{B510589E-929E-47FC-9908-01F631FFB574}.Release|Any CPU.Build.0 = Release|Any CPU
		{C4098405-2DC8-470A-AAA1-6A271DD7D89A}.Debug|Any CPU.ActiveCfg = Debug|Any CPU
		{C4098405-2DC8-470A-AAA1-6A271DD7D89A}.Debug|Any CPU.Build.0 = Debug|Any CPU
		{C4098405-2DC8-470A-AAA1-6A271DD7D89A}.Release|Any CPU.ActiveCfg = Release|Any CPU
		{C4098405-2DC8-470A-AAA1-6A271DD7D89A}.Release|Any CPU.Build.0 = Release|Any CPU
	EndGlobalSection
EndGlobal
