
Microsoft Visual Studio Solution File, Format Version 12.00
Project("{FAE04EC0-301F-11D3-BF4B-00C04F79EFBC}") = "GameSegments", "GameSegments\GameSegments.csproj", "{4F23CDAF-57BD-4641-893F-AFAEDB508B8F}"
EndProject
Project("{FAE04EC0-301F-11D3-BF4B-00C04F79EFBC}") = "Protocol", "Protocol\Protocol.csproj", "{928B0A7B-011F-4EFE-97A3-884B8EF9B1BF}"
EndProject
Global
	GlobalSection(SolutionConfigurationPlatforms) = preSolution
		Debug|Any CPU = Debug|Any CPU
		Release|Any CPU = Release|Any CPU
	EndGlobalSection
	GlobalSection(ProjectConfigurationPlatforms) = postSolution
		{4F23CDAF-57BD-4641-893F-AFAEDB508B8F}.Debug|Any CPU.ActiveCfg = Debug|Any CPU
		{4F23CDAF-57BD-4641-893F-AFAEDB508B8F}.Debug|Any CPU.Build.0 = Debug|Any CPU
		{4F23CDAF-57BD-4641-893F-AFAEDB508B8F}.Release|Any CPU.ActiveCfg = Release|Any CPU
		{4F23CDAF-57BD-4641-893F-AFAEDB508B8F}.Release|Any CPU.Build.0 = Release|Any CPU
		{928B0A7B-011F-4EFE-97A3-884B8EF9B1BF}.Debug|Any CPU.ActiveCfg = Debug|Any CPU
		{928B0A7B-011F-4EFE-97A3-884B8EF9B1BF}.Debug|Any CPU.Build.0 = Debug|Any CPU
		{928B0A7B-011F-4EFE-97A3-884B8EF9B1BF}.Release|Any CPU.ActiveCfg = Release|Any CPU
		{928B0A7B-011F-4EFE-97A3-884B8EF9B1BF}.Release|Any CPU.Build.0 = Release|Any CPU
	EndGlobalSection
EndGlobal
